{
  "name": "random-str-msg-masterprogram10",
  "version": "1.0.0",
  "lockfileVersion": 3,
  "requires": true,
  "packages": {
    "": {
      "name": "random-str-msg-masterprogram10",
      "version": "1.0.0",
      "license": "MIT",
      "bin": {
        "random-str-msg-masterprogam10": "bin/global.js"
      }
    }
  }
}
